// !$*UTF8*$!
{
	archiveVersion = 1;
	classes = {
	};
	objectVersion = 50;
	objects = {

/* Begin PBXBuildFile section */
		300438712727F1FA0051FAE7 /* SettingViewModel.swift in Sources */ = {isa = PBXBuildFile; fileRef = 300438702727F1FA0051FAE7 /* SettingViewModel.swift */; };
		3007DE572735AEE200414570 /* Color+Extension.swift in Sources */ = {isa = PBXBuildFile; fileRef = 3007DE562735AEE200414570 /* Color+Extension.swift */; };
		300A226827329B4C005AE53D /* Sound.swift in Sources */ = {isa = PBXBuildFile; fileRef = 300A226727329B4C005AE53D /* Sound.swift */; };
		3034D2BE273E6A3D00EAD0F7 /* Vibration.swift in Sources */ = {isa = PBXBuildFile; fileRef = 3034D2BD273E6A3D00EAD0F7 /* Vibration.swift */; };
		3034D2C0273E6B0F00EAD0F7 /* SetPatternView.swift in Sources */ = {isa = PBXBuildFile; fileRef = 3034D2BF273E6B0F00EAD0F7 /* SetPatternView.swift */; };
		304764F9273911F100CE2741 /* SetVibrationView.swift in Sources */ = {isa = PBXBuildFile; fileRef = 304764F8273911F100CE2741 /* SetVibrationView.swift */; };
		30592590275909090013CACF /* SetPatternViewModel.swift in Sources */ = {isa = PBXBuildFile; fileRef = 3059258F275909090013CACF /* SetPatternViewModel.swift */; };
		30592592275909F70013CACF /* Pattern.swift in Sources */ = {isa = PBXBuildFile; fileRef = 30592591275909F70013CACF /* Pattern.swift */; };
		3059259427590C650013CACF /* LoadState.swift in Sources */ = {isa = PBXBuildFile; fileRef = 3059259327590C650013CACF /* LoadState.swift */; };
		30592596275926090013CACF /* EventListView.swift in Sources */ = {isa = PBXBuildFile; fileRef = 30592595275926090013CACF /* EventListView.swift */; };
		30592598275942BB0013CACF /* EventViewModel.swift in Sources */ = {isa = PBXBuildFile; fileRef = 30592597275942BB0013CACF /* EventViewModel.swift */; };
		30741D202729C18E00279088 /* TypeView.swift in Sources */ = {isa = PBXBuildFile; fileRef = 30741D1F2729C18E00279088 /* TypeView.swift */; };
		3097C5A4275A122200415147 /* PatternView.swift in Sources */ = {isa = PBXBuildFile; fileRef = 3097C5A3275A122200415147 /* PatternView.swift */; };
		3097C5A7275A2F4E00415147 /* BatteryView.swift in Sources */ = {isa = PBXBuildFile; fileRef = 3097C5A6275A2F4E00415147 /* BatteryView.swift */; };
		30BBD1B12726A8E000432B52 /* SharplessApp.swift in Sources */ = {isa = PBXBuildFile; fileRef = 30BBD1B02726A8E000432B52 /* SharplessApp.swift */; };
		30BBD1B32726A8E000432B52 /* ContentView.swift in Sources */ = {isa = PBXBuildFile; fileRef = 30BBD1B22726A8E000432B52 /* ContentView.swift */; };
		30BBD1B52726A8E200432B52 /* Assets.xcassets in Resources */ = {isa = PBXBuildFile; fileRef = 30BBD1B42726A8E200432B52 /* Assets.xcassets */; };
		30BBD1B82726A8E200432B52 /* Preview Assets.xcassets in Resources */ = {isa = PBXBuildFile; fileRef = 30BBD1B72726A8E200432B52 /* Preview Assets.xcassets */; };
		30BBD1C32726A8E200432B52 /* SharplessTests.swift in Sources */ = {isa = PBXBuildFile; fileRef = 30BBD1C22726A8E200432B52 /* SharplessTests.swift */; };
		30BBD1CE2726A8E200432B52 /* SharplessUITests.swift in Sources */ = {isa = PBXBuildFile; fileRef = 30BBD1CD2726A8E200432B52 /* SharplessUITests.swift */; };
		30BBD1DF2726C2C300432B52 /* LiveTextView.swift in Sources */ = {isa = PBXBuildFile; fileRef = 30BBD1DE2726C2C300432B52 /* LiveTextView.swift */; };
		30BBD1E12726C4FD00432B52 /* SettingView.swift in Sources */ = {isa = PBXBuildFile; fileRef = 30BBD1E02726C4FD00432B52 /* SettingView.swift */; };
		AD8B4D19274E4C5000DB1D9D /* SoundResultsObserver.swift.swift in Sources */ = {isa = PBXBuildFile; fileRef = AD8B4D18274E4C5000DB1D9D /* SoundResultsObserver.swift.swift */; };
		ADB8A9B2277FC55C008B085D /* LiveTextViewModel.swift in Sources */ = {isa = PBXBuildFile; fileRef = ADB8A9B1277FC55C008B085D /* LiveTextViewModel.swift */; };
		ADB8A9B4277FC577008B085D /* BannerModifier.swift in Sources */ = {isa = PBXBuildFile; fileRef = ADB8A9B3277FC577008B085D /* BannerModifier.swift */; };
/* End PBXBuildFile section */

/* Begin PBXContainerItemProxy section */
		30BBD1BF2726A8E200432B52 /* PBXContainerItemProxy */ = {
			isa = PBXContainerItemProxy;
			containerPortal = 30BBD1A52726A8E000432B52 /* Project object */;
			proxyType = 1;
			remoteGlobalIDString = 30BBD1AC2726A8E000432B52;
			remoteInfo = Sharpless;
		};
		30BBD1CA2726A8E200432B52 /* PBXContainerItemProxy */ = {
			isa = PBXContainerItemProxy;
			containerPortal = 30BBD1A52726A8E000432B52 /* Project object */;
			proxyType = 1;
			remoteGlobalIDString = 30BBD1AC2726A8E000432B52;
			remoteInfo = Sharpless;
		};
/* End PBXContainerItemProxy section */

/* Begin PBXFileReference section */
		300438702727F1FA0051FAE7 /* SettingViewModel.swift */ = {isa = PBXFileReference; lastKnownFileType = sourcecode.swift; path = SettingViewModel.swift; sourceTree = "<group>"; };
		3007DE562735AEE200414570 /* Color+Extension.swift */ = {isa = PBXFileReference; lastKnownFileType = sourcecode.swift; path = "Color+Extension.swift"; sourceTree = "<group>"; };
		300A226727329B4C005AE53D /* Sound.swift */ = {isa = PBXFileReference; lastKnownFileType = sourcecode.swift; path = Sound.swift; sourceTree = "<group>"; };
		3034D2BD273E6A3D00EAD0F7 /* Vibration.swift */ = {isa = PBXFileReference; lastKnownFileType = sourcecode.swift; path = Vibration.swift; sourceTree = "<group>"; };
		3034D2BF273E6B0F00EAD0F7 /* SetPatternView.swift */ = {isa = PBXFileReference; lastKnownFileType = sourcecode.swift; path = SetPatternView.swift; sourceTree = "<group>"; };
		304764F8273911F100CE2741 /* SetVibrationView.swift */ = {isa = PBXFileReference; lastKnownFileType = sourcecode.swift; path = SetVibrationView.swift; sourceTree = "<group>"; };
		3059258F275909090013CACF /* SetPatternViewModel.swift */ = {isa = PBXFileReference; lastKnownFileType = sourcecode.swift; path = SetPatternViewModel.swift; sourceTree = "<group>"; };
		30592591275909F70013CACF /* Pattern.swift */ = {isa = PBXFileReference; lastKnownFileType = sourcecode.swift; path = Pattern.swift; sourceTree = "<group>"; };
		3059259327590C650013CACF /* LoadState.swift */ = {isa = PBXFileReference; lastKnownFileType = sourcecode.swift; path = LoadState.swift; sourceTree = "<group>"; };
		30592595275926090013CACF /* EventListView.swift */ = {isa = PBXFileReference; lastKnownFileType = sourcecode.swift; path = EventListView.swift; sourceTree = "<group>"; };
		30592597275942BB0013CACF /* EventViewModel.swift */ = {isa = PBXFileReference; lastKnownFileType = sourcecode.swift; path = EventViewModel.swift; sourceTree = "<group>"; };
		30741D1F2729C18E00279088 /* TypeView.swift */ = {isa = PBXFileReference; lastKnownFileType = sourcecode.swift; path = TypeView.swift; sourceTree = "<group>"; };
		3097C5A3275A122200415147 /* PatternView.swift */ = {isa = PBXFileReference; lastKnownFileType = sourcecode.swift; path = PatternView.swift; sourceTree = "<group>"; };
		3097C5A6275A2F4E00415147 /* BatteryView.swift */ = {isa = PBXFileReference; lastKnownFileType = sourcecode.swift; path = BatteryView.swift; sourceTree = "<group>"; };
		30BBD1AD2726A8E000432B52 /* Sharpless.app */ = {isa = PBXFileReference; explicitFileType = wrapper.application; includeInIndex = 0; path = Sharpless.app; sourceTree = BUILT_PRODUCTS_DIR; };
		30BBD1B02726A8E000432B52 /* SharplessApp.swift */ = {isa = PBXFileReference; lastKnownFileType = sourcecode.swift; path = SharplessApp.swift; sourceTree = "<group>"; };
		30BBD1B22726A8E000432B52 /* ContentView.swift */ = {isa = PBXFileReference; lastKnownFileType = sourcecode.swift; path = ContentView.swift; sourceTree = "<group>"; };
		30BBD1B42726A8E200432B52 /* Assets.xcassets */ = {isa = PBXFileReference; lastKnownFileType = folder.assetcatalog; path = Assets.xcassets; sourceTree = "<group>"; };
		30BBD1B72726A8E200432B52 /* Preview Assets.xcassets */ = {isa = PBXFileReference; lastKnownFileType = folder.assetcatalog; path = "Preview Assets.xcassets"; sourceTree = "<group>"; };
		30BBD1B92726A8E200432B52 /* Info.plist */ = {isa = PBXFileReference; lastKnownFileType = text.plist.xml; path = Info.plist; sourceTree = "<group>"; };
		30BBD1BE2726A8E200432B52 /* SharplessTests.xctest */ = {isa = PBXFileReference; explicitFileType = wrapper.cfbundle; includeInIndex = 0; path = SharplessTests.xctest; sourceTree = BUILT_PRODUCTS_DIR; };
		30BBD1C22726A8E200432B52 /* SharplessTests.swift */ = {isa = PBXFileReference; lastKnownFileType = sourcecode.swift; path = SharplessTests.swift; sourceTree = "<group>"; };
		30BBD1C42726A8E200432B52 /* Info.plist */ = {isa = PBXFileReference; lastKnownFileType = text.plist.xml; path = Info.plist; sourceTree = "<group>"; };
		30BBD1C92726A8E200432B52 /* SharplessUITests.xctest */ = {isa = PBXFileReference; explicitFileType = wrapper.cfbundle; includeInIndex = 0; path = SharplessUITests.xctest; sourceTree = BUILT_PRODUCTS_DIR; };
		30BBD1CD2726A8E200432B52 /* SharplessUITests.swift */ = {isa = PBXFileReference; lastKnownFileType = sourcecode.swift; path = SharplessUITests.swift; sourceTree = "<group>"; };
		30BBD1CF2726A8E200432B52 /* Info.plist */ = {isa = PBXFileReference; lastKnownFileType = text.plist.xml; path = Info.plist; sourceTree = "<group>"; };
		30BBD1DE2726C2C300432B52 /* LiveTextView.swift */ = {isa = PBXFileReference; fileEncoding = 4; lastKnownFileType = sourcecode.swift; path = LiveTextView.swift; sourceTree = "<group>"; };
		30BBD1E02726C4FD00432B52 /* SettingView.swift */ = {isa = PBXFileReference; fileEncoding = 4; lastKnownFileType = sourcecode.swift; path = SettingView.swift; sourceTree = "<group>"; };
		AD8B4D18274E4C5000DB1D9D /* SoundResultsObserver.swift.swift */ = {isa = PBXFileReference; lastKnownFileType = sourcecode.swift; path = SoundResultsObserver.swift.swift; sourceTree = "<group>"; };
		ADB8A9B1277FC55C008B085D /* LiveTextViewModel.swift */ = {isa = PBXFileReference; lastKnownFileType = sourcecode.swift; path = LiveTextViewModel.swift; sourceTree = "<group>"; };
		ADB8A9B3277FC577008B085D /* BannerModifier.swift */ = {isa = PBXFileReference; lastKnownFileType = sourcecode.swift; path = BannerModifier.swift; sourceTree = "<group>"; };
/* End PBXFileReference section */

/* Begin PBXFrameworksBuildPhase section */
		30BBD1AA2726A8E000432B52 /* Frameworks */ = {
			isa = PBXFrameworksBuildPhase;
			buildActionMask = 2147483647;
			files = (
			);
			runOnlyForDeploymentPostprocessing = 0;
		};
		30BBD1BB2726A8E200432B52 /* Frameworks */ = {
			isa = PBXFrameworksBuildPhase;
			buildActionMask = 2147483647;
			files = (
			);
			runOnlyForDeploymentPostprocessing = 0;
		};
		30BBD1C62726A8E200432B52 /* Frameworks */ = {
			isa = PBXFrameworksBuildPhase;
			buildActionMask = 2147483647;
			files = (
			);
			runOnlyForDeploymentPostprocessing = 0;
		};
/* End PBXFrameworksBuildPhase section */

/* Begin PBXGroup section */
		3097C5A5275A124300415147 /* Setting */ = {
			isa = PBXGroup;
			children = (
				304764F8273911F100CE2741 /* SetVibrationView.swift */,
				30592595275926090013CACF /* EventListView.swift */,
				3097C5A3275A122200415147 /* PatternView.swift */,
				3034D2BF273E6B0F00EAD0F7 /* SetPatternView.swift */,
				3097C5A6275A2F4E00415147 /* BatteryView.swift */,
			);
			path = Setting;
			sourceTree = "<group>";
		};
		30BBD1A42726A8E000432B52 = {
			isa = PBXGroup;
			children = (
				30BBD1AF2726A8E000432B52 /* Sharpless */,
				30BBD1C12726A8E200432B52 /* SharplessTests */,
				30BBD1CC2726A8E200432B52 /* SharplessUITests */,
				30BBD1AE2726A8E000432B52 /* Products */,
			);
			sourceTree = "<group>";
		};
		30BBD1AE2726A8E000432B52 /* Products */ = {
			isa = PBXGroup;
			children = (
				30BBD1AD2726A8E000432B52 /* Sharpless.app */,
				30BBD1BE2726A8E200432B52 /* SharplessTests.xctest */,
				30BBD1C92726A8E200432B52 /* SharplessUITests.xctest */,
			);
			name = Products;
			sourceTree = "<group>";
		};
		30BBD1AF2726A8E000432B52 /* Sharpless */ = {
			isa = PBXGroup;
			children = (
				30BBD1DD2726A99C00432B52 /* Model */,
				30BBD1DC2726A99200432B52 /* View Model */,
				30BBD1DB2726A98A00432B52 /* View */,
				30BBD1B02726A8E000432B52 /* SharplessApp.swift */,
				30BBD1B42726A8E200432B52 /* Assets.xcassets */,
				30BBD1B92726A8E200432B52 /* Info.plist */,
				30BBD1B62726A8E200432B52 /* Preview Content */,
			);
			path = Sharpless;
			sourceTree = "<group>";
		};
		30BBD1B62726A8E200432B52 /* Preview Content */ = {
			isa = PBXGroup;
			children = (
				30BBD1B72726A8E200432B52 /* Preview Assets.xcassets */,
			);
			path = "Preview Content";
			sourceTree = "<group>";
		};
		30BBD1C12726A8E200432B52 /* SharplessTests */ = {
			isa = PBXGroup;
			children = (
				30BBD1C22726A8E200432B52 /* SharplessTests.swift */,
				30BBD1C42726A8E200432B52 /* Info.plist */,
			);
			path = SharplessTests;
			sourceTree = "<group>";
		};
		30BBD1CC2726A8E200432B52 /* SharplessUITests */ = {
			isa = PBXGroup;
			children = (
				30BBD1CD2726A8E200432B52 /* SharplessUITests.swift */,
				30BBD1CF2726A8E200432B52 /* Info.plist */,
			);
			path = SharplessUITests;
			sourceTree = "<group>";
		};
		30BBD1DB2726A98A00432B52 /* View */ = {
			isa = PBXGroup;
			children = (
				3097C5A5275A124300415147 /* Setting */,
				30BBD1E02726C4FD00432B52 /* SettingView.swift */,
				30BBD1B22726A8E000432B52 /* ContentView.swift */,
				30BBD1DE2726C2C300432B52 /* LiveTextView.swift */,
				30741D1F2729C18E00279088 /* TypeView.swift */,
			);
			path = View;
			sourceTree = "<group>";
		};
		30BBD1DC2726A99200432B52 /* View Model */ = {
			isa = PBXGroup;
			children = (
				300438702727F1FA0051FAE7 /* SettingViewModel.swift */,
				30592597275942BB0013CACF /* EventViewModel.swift */,
				3059258F275909090013CACF /* SetPatternViewModel.swift */,
				ADB8A9B1277FC55C008B085D /* LiveTextViewModel.swift */,
				ADB8A9B3277FC577008B085D /* BannerModifier.swift */,
			);
			path = "View Model";
			sourceTree = "<group>";
		};
		30BBD1DD2726A99C00432B52 /* Model */ = {
			isa = PBXGroup;
			children = (
				300A226727329B4C005AE53D /* Sound.swift */,
				3007DE562735AEE200414570 /* Color+Extension.swift */,
				3034D2BD273E6A3D00EAD0F7 /* Vibration.swift */,
				AD8B4D18274E4C5000DB1D9D /* SoundResultsObserver.swift.swift */,
				30592591275909F70013CACF /* Pattern.swift */,
				3059259327590C650013CACF /* LoadState.swift */,
			);
			path = Model;
			sourceTree = "<group>";
		};
/* End PBXGroup section */

/* Begin PBXNativeTarget section */
		30BBD1AC2726A8E000432B52 /* Sharpless */ = {
			isa = PBXNativeTarget;
			buildConfigurationList = 30BBD1D22726A8E200432B52 /* Build configuration list for PBXNativeTarget "Sharpless" */;
			buildPhases = (
				30BBD1A92726A8E000432B52 /* Sources */,
				30BBD1AA2726A8E000432B52 /* Frameworks */,
				30BBD1AB2726A8E000432B52 /* Resources */,
			);
			buildRules = (
			);
			dependencies = (
			);
			name = Sharpless;
			productName = Sharpless;
			productReference = 30BBD1AD2726A8E000432B52 /* Sharpless.app */;
			productType = "com.apple.product-type.application";
		};
		30BBD1BD2726A8E200432B52 /* SharplessTests */ = {
			isa = PBXNativeTarget;
			buildConfigurationList = 30BBD1D52726A8E200432B52 /* Build configuration list for PBXNativeTarget "SharplessTests" */;
			buildPhases = (
				30BBD1BA2726A8E200432B52 /* Sources */,
				30BBD1BB2726A8E200432B52 /* Frameworks */,
				30BBD1BC2726A8E200432B52 /* Resources */,
			);
			buildRules = (
			);
			dependencies = (
				30BBD1C02726A8E200432B52 /* PBXTargetDependency */,
			);
			name = SharplessTests;
			productName = SharplessTests;
			productReference = 30BBD1BE2726A8E200432B52 /* SharplessTests.xctest */;
			productType = "com.apple.product-type.bundle.unit-test";
		};
		30BBD1C82726A8E200432B52 /* SharplessUITests */ = {
			isa = PBXNativeTarget;
			buildConfigurationList = 30BBD1D82726A8E200432B52 /* Build configuration list for PBXNativeTarget "SharplessUITests" */;
			buildPhases = (
				30BBD1C52726A8E200432B52 /* Sources */,
				30BBD1C62726A8E200432B52 /* Frameworks */,
				30BBD1C72726A8E200432B52 /* Resources */,
			);
			buildRules = (
			);
			dependencies = (
				30BBD1CB2726A8E200432B52 /* PBXTargetDependency */,
			);
			name = SharplessUITests;
			productName = SharplessUITests;
			productReference = 30BBD1C92726A8E200432B52 /* SharplessUITests.xctest */;
			productType = "com.apple.product-type.bundle.ui-testing";
		};
/* End PBXNativeTarget section */

/* Begin PBXProject section */
		30BBD1A52726A8E000432B52 /* Project object */ = {
			isa = PBXProject;
			attributes = {
				LastSwiftUpdateCheck = 1250;
				LastUpgradeCheck = 1250;
				TargetAttributes = {
					30BBD1AC2726A8E000432B52 = {
						CreatedOnToolsVersion = 12.5.1;
					};
					30BBD1BD2726A8E200432B52 = {
						CreatedOnToolsVersion = 12.5.1;
						TestTargetID = 30BBD1AC2726A8E000432B52;
					};
					30BBD1C82726A8E200432B52 = {
						CreatedOnToolsVersion = 12.5.1;
						TestTargetID = 30BBD1AC2726A8E000432B52;
					};
				};
			};
			buildConfigurationList = 30BBD1A82726A8E000432B52 /* Build configuration list for PBXProject "Sharpless" */;
			compatibilityVersion = "Xcode 9.3";
			developmentRegion = en;
			hasScannedForEncodings = 0;
			knownRegions = (
				en,
				Base,
			);
			mainGroup = 30BBD1A42726A8E000432B52;
			productRefGroup = 30BBD1AE2726A8E000432B52 /* Products */;
			projectDirPath = "";
			projectRoot = "";
			targets = (
				30BBD1AC2726A8E000432B52 /* Sharpless */,
				30BBD1BD2726A8E200432B52 /* SharplessTests */,
				30BBD1C82726A8E200432B52 /* SharplessUITests */,
			);
		};
/* End PBXProject section */

/* Begin PBXResourcesBuildPhase section */
		30BBD1AB2726A8E000432B52 /* Resources */ = {
			isa = PBXResourcesBuildPhase;
			buildActionMask = 2147483647;
			files = (
				30BBD1B82726A8E200432B52 /* Preview Assets.xcassets in Resources */,
				30BBD1B52726A8E200432B52 /* Assets.xcassets in Resources */,
			);
			runOnlyForDeploymentPostprocessing = 0;
		};
		30BBD1BC2726A8E200432B52 /* Resources */ = {
			isa = PBXResourcesBuildPhase;
			buildActionMask = 2147483647;
			files = (
			);
			runOnlyForDeploymentPostprocessing = 0;
		};
		30BBD1C72726A8E200432B52 /* Resources */ = {
			isa = PBXResourcesBuildPhase;
			buildActionMask = 2147483647;
			files = (
			);
			runOnlyForDeploymentPostprocessing = 0;
		};
/* End PBXResourcesBuildPhase section */

/* Begin PBXSourcesBuildPhase section */
		30BBD1A92726A8E000432B52 /* Sources */ = {
			isa = PBXSourcesBuildPhase;
			buildActionMask = 2147483647;
			files = (
				30592598275942BB0013CACF /* EventViewModel.swift in Sources */,
				3007DE572735AEE200414570 /* Color+Extension.swift in Sources */,
				30592590275909090013CACF /* SetPatternViewModel.swift in Sources */,
				3034D2BE273E6A3D00EAD0F7 /* Vibration.swift in Sources */,
				30741D202729C18E00279088 /* TypeView.swift in Sources */,
				3097C5A7275A2F4E00415147 /* BatteryView.swift in Sources */,
				3097C5A4275A122200415147 /* PatternView.swift in Sources */,
				AD8B4D19274E4C5000DB1D9D /* SoundResultsObserver.swift.swift in Sources */,
				30592592275909F70013CACF /* Pattern.swift in Sources */,
				304764F9273911F100CE2741 /* SetVibrationView.swift in Sources */,
				3034D2C0273E6B0F00EAD0F7 /* SetPatternView.swift in Sources */,
				300438712727F1FA0051FAE7 /* SettingViewModel.swift in Sources */,
				30BBD1B32726A8E000432B52 /* ContentView.swift in Sources */,
				3059259427590C650013CACF /* LoadState.swift in Sources */,
				30BBD1E12726C4FD00432B52 /* SettingView.swift in Sources */,
				30BBD1DF2726C2C300432B52 /* LiveTextView.swift in Sources */,
				30BBD1B12726A8E000432B52 /* SharplessApp.swift in Sources */,
				300A226827329B4C005AE53D /* Sound.swift in Sources */,
				30592596275926090013CACF /* EventListView.swift in Sources */,
				ADB8A9B4277FC577008B085D /* BannerModifier.swift in Sources */,
				ADB8A9B2277FC55C008B085D /* LiveTextViewModel.swift in Sources */,
			);
			runOnlyForDeploymentPostprocessing = 0;
		};
		30BBD1BA2726A8E200432B52 /* Sources */ = {
			isa = PBXSourcesBuildPhase;
			buildActionMask = 2147483647;
			files = (
				30BBD1C32726A8E200432B52 /* SharplessTests.swift in Sources */,
			);
			runOnlyForDeploymentPostprocessing = 0;
		};
		30BBD1C52726A8E200432B52 /* Sources */ = {
			isa = PBXSourcesBuildPhase;
			buildActionMask = 2147483647;
			files = (
				30BBD1CE2726A8E200432B52 /* SharplessUITests.swift in Sources */,
			);
			runOnlyForDeploymentPostprocessing = 0;
		};
/* End PBXSourcesBuildPhase section */

/* Begin PBXTargetDependency section */
		30BBD1C02726A8E200432B52 /* PBXTargetDependency */ = {
			isa = PBXTargetDependency;
			target = 30BBD1AC2726A8E000432B52 /* Sharpless */;
			targetProxy = 30BBD1BF2726A8E200432B52 /* PBXContainerItemProxy */;
		};
		30BBD1CB2726A8E200432B52 /* PBXTargetDependency */ = {
			isa = PBXTargetDependency;
			target = 30BBD1AC2726A8E000432B52 /* Sharpless */;
			targetProxy = 30BBD1CA2726A8E200432B52 /* PBXContainerItemProxy */;
		};
/* End PBXTargetDependency section */

/* Begin XCBuildConfiguration section */
		30BBD1D02726A8E200432B52 /* Debug */ = {
			isa = XCBuildConfiguration;
			buildSettings = {
				ALWAYS_SEARCH_USER_PATHS = NO;
				CLANG_ANALYZER_NONNULL = YES;
				CLANG_ANALYZER_NUMBER_OBJECT_CONVERSION = YES_AGGRESSIVE;
				CLANG_CXX_LANGUAGE_STANDARD = "gnu++14";
				CLANG_CXX_LIBRARY = "libc++";
				CLANG_ENABLE_MODULES = YES;
				CLANG_ENABLE_OBJC_ARC = YES;
				CLANG_ENABLE_OBJC_WEAK = YES;
				CLANG_WARN_BLOCK_CAPTURE_AUTORELEASING = YES;
				CLANG_WARN_BOOL_CONVERSION = YES;
				CLANG_WARN_COMMA = YES;
				CLANG_WARN_CONSTANT_CONVERSION = YES;
				CLANG_WARN_DEPRECATED_OBJC_IMPLEMENTATIONS = YES;
				CLANG_WARN_DIRECT_OBJC_ISA_USAGE = YES_ERROR;
				CLANG_WARN_DOCUMENTATION_COMMENTS = YES;
				CLANG_WARN_EMPTY_BODY = YES;
				CLANG_WARN_ENUM_CONVERSION = YES;
				CLANG_WARN_INFINITE_RECURSION = YES;
				CLANG_WARN_INT_CONVERSION = YES;
				CLANG_WARN_NON_LITERAL_NULL_CONVERSION = YES;
				CLANG_WARN_OBJC_IMPLICIT_RETAIN_SELF = YES;
				CLANG_WARN_OBJC_LITERAL_CONVERSION = YES;
				CLANG_WARN_OBJC_ROOT_CLASS = YES_ERROR;
				CLANG_WARN_QUOTED_INCLUDE_IN_FRAMEWORK_HEADER = YES;
				CLANG_WARN_RANGE_LOOP_ANALYSIS = YES;
				CLANG_WARN_STRICT_PROTOTYPES = YES;
				CLANG_WARN_SUSPICIOUS_MOVE = YES;
				CLANG_WARN_UNGUARDED_AVAILABILITY = YES_AGGRESSIVE;
				CLANG_WARN_UNREACHABLE_CODE = YES;
				CLANG_WARN__DUPLICATE_METHOD_MATCH = YES;
				COPY_PHASE_STRIP = NO;
				DEBUG_INFORMATION_FORMAT = dwarf;
				ENABLE_STRICT_OBJC_MSGSEND = YES;
				ENABLE_TESTABILITY = YES;
				GCC_C_LANGUAGE_STANDARD = gnu11;
				GCC_DYNAMIC_NO_PIC = NO;
				GCC_NO_COMMON_BLOCKS = YES;
				GCC_OPTIMIZATION_LEVEL = 0;
				GCC_PREPROCESSOR_DEFINITIONS = (
					"DEBUG=1",
					"$(inherited)",
				);
				GCC_WARN_64_TO_32_BIT_CONVERSION = YES;
				GCC_WARN_ABOUT_RETURN_TYPE = YES_ERROR;
				GCC_WARN_UNDECLARED_SELECTOR = YES;
				GCC_WARN_UNINITIALIZED_AUTOS = YES_AGGRESSIVE;
				GCC_WARN_UNUSED_FUNCTION = YES;
				GCC_WARN_UNUSED_VARIABLE = YES;
				IPHONEOS_DEPLOYMENT_TARGET = 14.5;
				MTL_ENABLE_DEBUG_INFO = INCLUDE_SOURCE;
				MTL_FAST_MATH = YES;
				ONLY_ACTIVE_ARCH = YES;
				SDKROOT = iphoneos;
				SWIFT_ACTIVE_COMPILATION_CONDITIONS = DEBUG;
				SWIFT_OPTIMIZATION_LEVEL = "-Onone";
			};
			name = Debug;
		};
		30BBD1D12726A8E200432B52 /* Release */ = {
			isa = XCBuildConfiguration;
			buildSettings = {
				ALWAYS_SEARCH_USER_PATHS = NO;
				CLANG_ANALYZER_NONNULL = YES;
				CLANG_ANALYZER_NUMBER_OBJECT_CONVERSION = YES_AGGRESSIVE;
				CLANG_CXX_LANGUAGE_STANDARD = "gnu++14";
				CLANG_CXX_LIBRARY = "libc++";
				CLANG_ENABLE_MODULES = YES;
				CLANG_ENABLE_OBJC_ARC = YES;
				CLANG_ENABLE_OBJC_WEAK = YES;
				CLANG_WARN_BLOCK_CAPTURE_AUTORELEASING = YES;
				CLANG_WARN_BOOL_CONVERSION = YES;
				CLANG_WARN_COMMA = YES;
				CLANG_WARN_CONSTANT_CONVERSION = YES;
				CLANG_WARN_DEPRECATED_OBJC_IMPLEMENTATIONS = YES;
				CLANG_WARN_DIRECT_OBJC_ISA_USAGE = YES_ERROR;
				CLANG_WARN_DOCUMENTATION_COMMENTS = YES;
				CLANG_WARN_EMPTY_BODY = YES;
				CLANG_WARN_ENUM_CONVERSION = YES;
				CLANG_WARN_INFINITE_RECURSION = YES;
				CLANG_WARN_INT_CONVERSION = YES;
				CLANG_WARN_NON_LITERAL_NULL_CONVERSION = YES;
				CLANG_WARN_OBJC_IMPLICIT_RETAIN_SELF = YES;
				CLANG_WARN_OBJC_LITERAL_CONVERSION = YES;
				CLANG_WARN_OBJC_ROOT_CLASS = YES_ERROR;
				CLANG_WARN_QUOTED_INCLUDE_IN_FRAMEWORK_HEADER = YES;
				CLANG_WARN_RANGE_LOOP_ANALYSIS = YES;
				CLANG_WARN_STRICT_PROTOTYPES = YES;
				CLANG_WARN_SUSPICIOUS_MOVE = YES;
				CLANG_WARN_UNGUARDED_AVAILABILITY = YES_AGGRESSIVE;
				CLANG_WARN_UNREACHABLE_CODE = YES;
				CLANG_WARN__DUPLICATE_METHOD_MATCH = YES;
				COPY_PHASE_STRIP = NO;
				DEBUG_INFORMATION_FORMAT = "dwarf-with-dsym";
				ENABLE_NS_ASSERTIONS = NO;
				ENABLE_STRICT_OBJC_MSGSEND = YES;
				GCC_C_LANGUAGE_STANDARD = gnu11;
				GCC_NO_COMMON_BLOCKS = YES;
				GCC_WARN_64_TO_32_BIT_CONVERSION = YES;
				GCC_WARN_ABOUT_RETURN_TYPE = YES_ERROR;
				GCC_WARN_UNDECLARED_SELECTOR = YES;
				GCC_WARN_UNINITIALIZED_AUTOS = YES_AGGRESSIVE;
				GCC_WARN_UNUSED_FUNCTION = YES;
				GCC_WARN_UNUSED_VARIABLE = YES;
				IPHONEOS_DEPLOYMENT_TARGET = 14.5;
				MTL_ENABLE_DEBUG_INFO = NO;
				MTL_FAST_MATH = YES;
				SDKROOT = iphoneos;
				SWIFT_COMPILATION_MODE = wholemodule;
				SWIFT_OPTIMIZATION_LEVEL = "-O";
				VALIDATE_PRODUCT = YES;
			};
			name = Release;
		};
		30BBD1D32726A8E200432B52 /* Debug */ = {
			isa = XCBuildConfiguration;
			buildSettings = {
				ASSETCATALOG_COMPILER_APPICON_NAME = AppIcon;
				ASSETCATALOG_COMPILER_GLOBAL_ACCENT_COLOR_NAME = AccentColor;
				CODE_SIGN_STYLE = Automatic;
				DEVELOPMENT_ASSET_PATHS = "\"Sharpless/Preview Content\"";
				DEVELOPMENT_TEAM = STYRP9W7ZQ;
				ENABLE_PREVIEWS = YES;
				INFOPLIST_FILE = Sharpless/Info.plist;
				IPHONEOS_DEPLOYMENT_TARGET = 14.0;
				LD_RUNPATH_SEARCH_PATHS = (
					"$(inherited)",
					"@executable_path/Frameworks",
				);
				PRODUCT_BUNDLE_IDENTIFIER = com.saeedmedia.Sharpless;
				PRODUCT_NAME = "$(TARGET_NAME)";
				SWIFT_VERSION = 5.0;
				TARGETED_DEVICE_FAMILY = "1,2";
			};
			name = Debug;
		};
		30BBD1D42726A8E200432B52 /* Release */ = {
			isa = XCBuildConfiguration;
			buildSettings = {
				ASSETCATALOG_COMPILER_APPICON_NAME = AppIcon;
				ASSETCATALOG_COMPILER_GLOBAL_ACCENT_COLOR_NAME = AccentColor;
				CODE_SIGN_STYLE = Automatic;
				DEVELOPMENT_ASSET_PATHS = "\"Sharpless/Preview Content\"";
				DEVELOPMENT_TEAM = STYRP9W7ZQ;
				ENABLE_PREVIEWS = YES;
				INFOPLIST_FILE = Sharpless/Info.plist;
				IPHONEOS_DEPLOYMENT_TARGET = 14.0;
				LD_RUNPATH_SEARCH_PATHS = (
					"$(inherited)",
					"@executable_path/Frameworks",
				);
				PRODUCT_BUNDLE_IDENTIFIER = com.saeedmedia.Sharpless;
				PRODUCT_NAME = "$(TARGET_NAME)";
				SWIFT_VERSION = 5.0;
				TARGETED_DEVICE_FAMILY = "1,2";
			};
			name = Release;
		};
		30BBD1D62726A8E200432B52 /* Debug */ = {
			isa = XCBuildConfiguration;
			buildSettings = {
				ALWAYS_EMBED_SWIFT_STANDARD_LIBRARIES = YES;
				BUNDLE_LOADER = "$(TEST_HOST)";
				CODE_SIGN_STYLE = Automatic;
				INFOPLIST_FILE = SharplessTests/Info.plist;
				IPHONEOS_DEPLOYMENT_TARGET = 14.0;
				LD_RUNPATH_SEARCH_PATHS = (
					"$(inherited)",
					"@executable_path/Frameworks",
					"@loader_path/Frameworks",
				);
				PRODUCT_BUNDLE_IDENTIFIER = com.saeedmedia.SharplessTests;
				PRODUCT_NAME = "$(TARGET_NAME)";
				SWIFT_VERSION = 5.0;
				TARGETED_DEVICE_FAMILY = "1,2";
				TEST_HOST = "$(BUILT_PRODUCTS_DIR)/Sharpless.app/Sharpless";
			};
			name = Debug;
		};
		30BBD1D72726A8E200432B52 /* Release */ = {
			isa = XCBuildConfiguration;
			buildSettings = {
				ALWAYS_EMBED_SWIFT_STANDARD_LIBRARIES = YES;
				BUNDLE_LOADER = "$(TEST_HOST)";
				CODE_SIGN_STYLE = Automatic;
				INFOPLIST_FILE = SharplessTests/Info.plist;
				IPHONEOS_DEPLOYMENT_TARGET = 14.0;
				LD_RUNPATH_SEARCH_PATHS = (
					"$(inherited)",
					"@executable_path/Frameworks",
					"@loader_path/Frameworks",
				);
				PRODUCT_BUNDLE_IDENTIFIER = com.saeedmedia.SharplessTests;
				PRODUCT_NAME = "$(TARGET_NAME)";
				SWIFT_VERSION = 5.0;
				TARGETED_DEVICE_FAMILY = "1,2";
				TEST_HOST = "$(BUILT_PRODUCTS_DIR)/Sharpless.app/Sharpless";
			};
			name = Release;
		};
		30BBD1D92726A8E200432B52 /* Debug */ = {
			isa = XCBuildConfiguration;
			buildSettings = {
				ALWAYS_EMBED_SWIFT_STANDARD_LIBRARIES = YES;
				CODE_SIGN_STYLE = Automatic;
				INFOPLIST_FILE = SharplessUITests/Info.plist;
				LD_RUNPATH_SEARCH_PATHS = (
					"$(inherited)",
					"@executable_path/Frameworks",
					"@loader_path/Frameworks",
				);
				PRODUCT_BUNDLE_IDENTIFIER = com.saeedmedia.SharplessUITests;
				PRODUCT_NAME = "$(TARGET_NAME)";
				SWIFT_VERSION = 5.0;
				TARGETED_DEVICE_FAMILY = "1,2";
				TEST_TARGET_NAME = Sharpless;
			};
			name = Debug;
		};
		30BBD1DA2726A8E200432B52 /* Release */ = {
			isa = XCBuildConfiguration;
			buildSettings = {
				ALWAYS_EMBED_SWIFT_STANDARD_LIBRARIES = YES;
				CODE_SIGN_STYLE = Automatic;
				INFOPLIST_FILE = SharplessUITests/Info.plist;
				LD_RUNPATH_SEARCH_PATHS = (
					"$(inherited)",
					"@executable_path/Frameworks",
					"@loader_path/Frameworks",
				);
				PRODUCT_BUNDLE_IDENTIFIER = com.saeedmedia.SharplessUITests;
				PRODUCT_NAME = "$(TARGET_NAME)";
				SWIFT_VERSION = 5.0;
				TARGETED_DEVICE_FAMILY = "1,2";
				TEST_TARGET_NAME = Sharpless;
			};
			name = Release;
		};
/* End XCBuildConfiguration section */

/* Begin XCConfigurationList section */
		30BBD1A82726A8E000432B52 /* Build configuration list for PBXProject "Sharpless" */ = {
			isa = XCConfigurationList;
			buildConfigurations = (
				30BBD1D02726A8E200432B52 /* Debug */,
				30BBD1D12726A8E200432B52 /* Release */,
			);
			defaultConfigurationIsVisible = 0;
			defaultConfigurationName = Release;
		};
		30BBD1D22726A8E200432B52 /* Build configuration list for PBXNativeTarget "Sharpless" */ = {
			isa = XCConfigurationList;
			buildConfigurations = (
				30BBD1D32726A8E200432B52 /* Debug */,
				30BBD1D42726A8E200432B52 /* Release */,
			);
			defaultConfigurationIsVisible = 0;
			defaultConfigurationName = Release;
		};
		30BBD1D52726A8E200432B52 /* Build configuration list for PBXNativeTarget "SharplessTests" */ = {
			isa = XCConfigurationList;
			buildConfigurations = (
				30BBD1D62726A8E200432B52 /* Debug */,
				30BBD1D72726A8E200432B52 /* Release */,
			);
			defaultConfigurationIsVisible = 0;
			defaultConfigurationName = Release;
		};
		30BBD1D82726A8E200432B52 /* Build configuration list for PBXNativeTarget "SharplessUITests" */ = {
			isa = XCConfigurationList;
			buildConfigurations = (
				30BBD1D92726A8E200432B52 /* Debug */,
				30BBD1DA2726A8E200432B52 /* Release */,
			);
			defaultConfigurationIsVisible = 0;
			defaultConfigurationName = Release;
		};
/* End XCConfigurationList section */
	};
	rootObject = 30BBD1A52726A8E000432B52 /* Project object */;
}
